lockfileVersion: '6.0'

dependencies:
  '@questdb/nodejs-client':
    specifier: ^1.0.2
    version: 1.0.2
  dotenv:
    specifier: ^16.0.3
    version: 16.0.3
  kafkajs:
    specifier: ^2.2.4
    version: 2.2.4
  ws:
    specifier: ^8.13.0
    version: 8.13.0

packages:

  /@questdb/nodejs-client@1.0.2:
    resolution: {integrity: sha512-b/dDhW8NYQb5fXjubtmABO0LF0e3wtmVedRrrP6jx/O1a4P083g9aHkOFaz03T0Duu408hb6OG3EakPquL3W8w==}
    dev: false

  /dotenv@16.0.3:
    resolution: {integrity: sha512-7GO6HghkA5fYG9TYnNxi14/7K9f5occMlp3zXAuSxn7CKCxt9xbNWG7yF8hTCSUchlfWSe3uLmlPfigevRItzQ==}
    engines: {node: '>=12'}
    dev: false

  /kafkajs@2.2.4:
    resolution: {integrity: sha512-j/YeapB1vfPT2iOIUn/vxdyKEuhuY2PxMBvf5JWux6iSaukAccrMtXEY/Lb7OvavDhOWME589bpLrEdnVHjfjA==}
    engines: {node: '>=14.0.0'}
    dev: false

  /ws@8.13.0:
    resolution: {integrity: sha512-x9vcZYTrFPC7aSIbj7sRCYo7L/Xb8Iy+pW0ng0wt2vCJv7M9HOMy0UoN3rr+IFC7hb7vXoqS+P9ktyLLLhO+LA==}
    engines: {node: '>=10.0.0'}
    peerDependencies:
      bufferutil: ^4.0.1
      utf-8-validate: '>=5.0.2'
    peerDependenciesMeta:
      bufferutil:
        optional: true
      utf-8-validate:
        optional: true
    dev: false
